
Microsoft Visual Studio Solution File, Format Version 12.00
# Visual Studio 15
VisualStudioVersion = 15.0.27703.2035
MinimumVisualStudioVersion = 10.0.40219.1
Project("{9A19103F-16F7-4668-BE54-9A1E7A4F7556}") = "CoreStuff", "CoreStuff\CoreStuff.csproj", "{159E9AC9-9FFC-46DE-851B-8E7647A51A56}"
EndProject
Project("{9A19103F-16F7-4668-BE54-9A1E7A4F7556}") = "UnitTests", "UnitTests\UnitTests.csproj", "{BEC549DA-7400-4B53-B9F2-70E374C1BF81}"
EndProject
Project("{9A19103F-16F7-4668-BE54-9A1E7A4F7556}") = "Line", "line\Line.csproj", "{20BBA6E7-60A6-4DC5-88EC-27C9C3638218}"
EndProject
Global
	GlobalSection(SolutionConfigurationPlatforms) = preSolution
		Debug|Any CPU = Debug|Any CPU
		Release|Any CPU = Release|Any CPU
	EndGlobalSection
	GlobalSection(ProjectConfigurationPlatforms) = postSolution
		{159E9AC9-9FFC-46DE-851B-8E7647A51A56}.Debug|Any CPU.ActiveCfg = Debug|Any CPU
		{159E9AC9-9FFC-46DE-851B-8E7647A51A56}.Debug|Any CPU.Build.0 = Debug|Any CPU
		{159E9AC9-9FFC-46DE-851B-8E7647A51A56}.Release|Any CPU.ActiveCfg = Release|Any CPU
		{159E9AC9-9FFC-46DE-851B-8E7647A51A56}.Release|Any CPU.Build.0 = Release|Any CPU
		{BEC549DA-7400-4B53-B9F2-70E374C1BF81}.Debug|Any CPU.ActiveCfg = Debug|Any CPU
		{BEC549DA-7400-4B53-B9F2-70E374C1BF81}.Debug|Any CPU.Build.0 = Debug|Any CPU
		{BEC549DA-7400-4B53-B9F2-70E374C1BF81}.Release|Any CPU.ActiveCfg = Release|Any CPU
		{BEC549DA-7400-4B53-B9F2-70E374C1BF81}.Release|Any CPU.Build.0 = Release|Any CPU
		{20BBA6E7-60A6-4DC5-88EC-27C9C3638218}.Debug|Any CPU.ActiveCfg = Debug|Any CPU
		{20BBA6E7-60A6-4DC5-88EC-27C9C3638218}.Debug|Any CPU.Build.0 = Debug|Any CPU
		{20BBA6E7-60A6-4DC5-88EC-27C9C3638218}.Release|Any CPU.ActiveCfg = Release|Any CPU
		{20BBA6E7-60A6-4DC5-88EC-27C9C3638218}.Release|Any CPU.Build.0 = Release|Any CPU
	EndGlobalSection
	GlobalSection(SolutionProperties) = preSolution
		HideSolutionNode = FALSE
	EndGlobalSection
	GlobalSection(ExtensibilityGlobals) = postSolution
		SolutionGuid = {5600C963-1A72-4ED7-81C4-64486C5DCB42}
	EndGlobalSection
EndGlobal
